
Microsoft Visual Studio Solution File, Format Version 11.00
# Visual Studio 2010
Project("{FAE04EC0-301F-11D3-BF4B-00C04F79EFBC}") = "RemoveSwitchCase", "RemoteSwitchCase\RemoveSwitchCase.csproj", "{0FDF6B49-3139-43B5-9E26-85FE2264F1E1}"
EndProject
Project("{FAE04EC0-301F-11D3-BF4B-00C04F79EFBC}") = "SwitchCaseBadSmell", "SwitchCaseBadSmell\SwitchCaseBadSmell.csproj", "{50B414F6-67D4-4B39-9B02-5A167CF5ADF7}"
EndProject
Global
	GlobalSection(SolutionConfigurationPlatforms) = preSolution
		Debug|Any CPU = Debug|Any CPU
		Release|Any CPU = Release|Any CPU
	EndGlobalSection
	GlobalSection(ProjectConfigurationPlatforms) = postSolution
		{0FDF6B49-3139-43B5-9E26-85FE2264F1E1}.Debug|Any CPU.ActiveCfg = Debug|Any CPU
		{0FDF6B49-3139-43B5-9E26-85FE2264F1E1}.Debug|Any CPU.Build.0 = Debug|Any CPU
		{0FDF6B49-3139-43B5-9E26-85FE2264F1E1}.Release|Any CPU.ActiveCfg = Release|Any CPU
		{0FDF6B49-3139-43B5-9E26-85FE2264F1E1}.Release|Any CPU.Build.0 = Release|Any CPU
		{50B414F6-67D4-4B39-9B02-5A167CF5ADF7}.Debug|Any CPU.ActiveCfg = Debug|Any CPU
		{50B414F6-67D4-4B39-9B02-5A167CF5ADF7}.Debug|Any CPU.Build.0 = Debug|Any CPU
		{50B414F6-67D4-4B39-9B02-5A167CF5ADF7}.Release|Any CPU.ActiveCfg = Release|Any CPU
		{50B414F6-67D4-4B39-9B02-5A167CF5ADF7}.Release|Any CPU.Build.0 = Release|Any CPU
	EndGlobalSection
	GlobalSection(SolutionProperties) = preSolution
		HideSolutionNode = FALSE
	EndGlobalSection
EndGlobal
